
Microsoft Visual Studio Solution File, Format Version 12.00
# Visual Studio 2013
VisualStudioVersion = 12.0.40629.0
MinimumVisualStudioVersion = 10.0.40219.1
Project("{FAE04EC0-301F-11D3-BF4B-00C04F79EFBC}") = "UserInterfaceExample", "UserInterfaceExample\UserInterfaceExample.csproj", "{E4EF1F71-12B9-4286-A7CE-8191280D969A}"
EndProject
Project("{2150E333-8FDC-42A3-9474-1A3956D46DE8}") = ".nuget", ".nuget", "{83D68746-4642-4D76-8817-E1E37AE89629}"
	ProjectSection(SolutionItems) = preProject
		.nuget\NuGet.Config = .nuget\NuGet.Config
		.nuget\NuGet.exe = .nuget\NuGet.exe
		.nuget\NuGet.targets = .nuget\NuGet.targets
	EndProjectSection
EndProject
Global
	GlobalSection(SolutionConfigurationPlatforms) = preSolution
		Debug|Any CPU = Debug|Any CPU
		Release|Any CPU = Release|Any CPU
	EndGlobalSection
	GlobalSection(ProjectConfigurationPlatforms) = postSolution
		{E4EF1F71-12B9-4286-A7CE-8191280D969A}.Debug|Any CPU.ActiveCfg = Debug|Any CPU
		{E4EF1F71-12B9-4286-A7CE-8191280D969A}.Debug|Any CPU.Build.0 = Debug|Any CPU
		{E4EF1F71-12B9-4286-A7CE-8191280D969A}.Release|Any CPU.ActiveCfg = Release|Any CPU
		{E4EF1F71-12B9-4286-A7CE-8191280D969A}.Release|Any CPU.Build.0 = Release|Any CPU
	EndGlobalSection
	GlobalSection(SolutionProperties) = preSolution
		HideSolutionNode = FALSE
	EndGlobalSection
EndGlobal
